# This file is autogenerated, do not edit; changes may be undone by the next 'dep ensure'.


[[projects]]
  name = "github.com/graphql-go/graphql"
  packages = [
    ".",
    "gqlerrors",
    "language/ast",
    "language/kinds",
    "language/lexer",
    "language/location",
    "language/parser",
    "language/printer",
    "language/source",
    "language/typeInfo",
    "language/visitor"
  ]
  revision = "5e7dd4fc3e87341229fa03d8f79d2ab5455963fb"
  version = "v0.7.4"

[[projects]]
  name = "github.com/pkg/errors"
  packages = ["."]
  revision = "645ef00459ed84a119197bfb8d8205042c6df63d"
  version = "v0.8.0"

[[projects]]
  branch = "master"
  name = "github.com/robbert229/jwt"
  packages = ["."]
  revision = "0c020499288fd486b7f29a5ce2d51a55f7d746c3"

[[projects]]
  branch = "master"
  name = "golang.org/x/net"
  packages = ["context"]
  revision = "cbe0f9307d0156177f9dd5dc85da1a31abc5f2fb"

[solve-meta]
  analyzer-name = "dep"
  analyzer-version = 1
  inputs-digest = "228525527c78030c16efc47749f42e108018fad15046a6279fb40a078ff7b918"
  solver-name = "gps-cdcl"
  solver-version = 1
