# This file is autogenerated, do not edit; changes may be undone by the next 'dep ensure'.


[[projects]]
  name = "github.com/graphql-go/graphql"
  packages = [".","gqlerrors","language/ast","language/kinds","language/lexer","language/location","language/parser","language/printer","language/source","language/typeInfo","language/visitor"]
  revision = "0c7d73fea519ce6751ecb4d5835c5a87a384cf6c"
  version = "v0.7.3"

[[projects]]
  name = "github.com/pkg/errors"
  packages = ["."]
  revision = "645ef00459ed84a119197bfb8d8205042c6df63d"
  version = "v0.8.0"

[[projects]]
  branch = "master"
  name = "github.com/robbert229/jwt"
  packages = ["."]
  revision = "859ddbc3c8fe78dd208b1797077d14827d64b4d9"

[[projects]]
  branch = "master"
  name = "golang.org/x/net"
  packages = ["context"]
  revision = "5561cd9b4330353950f399814f427425c0a26fd2"

[solve-meta]
  analyzer-name = "dep"
  analyzer-version = 1
  inputs-digest = "5e7829099922127ed5c5b483f26693b3668575e143cf9d05559eb0a7303e96a3"
  solver-name = "gps-cdcl"
  solver-version = 1
