# This file is autogenerated, do not edit; changes may be undone by the next 'dep ensure'.


[[projects]]
  name = "github.com/astaxie/beego"
  packages = [
    ".",
    "config",
    "context",
    "context/param",
    "grace",
    "logs",
    "orm",
    "session",
    "toolbox",
    "utils"
  ]
  revision = "bf5c5626ab429e66d88602e1ab1ab5fbf4629a01"
  version = "v1.9.2"

[[projects]]
  branch = "master"
  name = "github.com/lib/pq"
  packages = [
    ".",
    "oid"
  ]
  revision = "88edab0803230a3898347e77b474f8c1820a1f20"

[solve-meta]
  analyzer-name = "dep"
  analyzer-version = 1
  inputs-digest = "2973d8c651836cfc3d97c1f39b02ead0ca3b29b240ef8f42cc8252333dc360b2"
  solver-name = "gps-cdcl"
  solver-version = 1
